
Microsoft Visual Studio Solution File, Format Version 12.00
# Visual Studio 2013
VisualStudioVersion = 12.0.30110.0
MinimumVisualStudioVersion = 10.0.40219.1
Project("{FAE04EC0-301F-11D3-BF4B-00C04F79EFBC}") = "Utils", "Utils\Utils.csproj", "{2558322E-061D-410E-88F0-753786E29862}"
EndProject
Project("{FAE04EC0-301F-11D3-BF4B-00C04F79EFBC}") = "UtilsTest", "UtilsTestProject\UtilsTest.csproj", "{6070BC1A-E17F-4A51-9768-934D118AF068}"
EndProject
Global
	GlobalSection(SolutionConfigurationPlatforms) = preSolution
		Debug|Any CPU = Debug|Any CPU
		Release|Any CPU = Release|Any CPU
	EndGlobalSection
	GlobalSection(ProjectConfigurationPlatforms) = postSolution
		{2558322E-061D-410E-88F0-753786E29862}.Debug|Any CPU.ActiveCfg = Debug|Any CPU
		{2558322E-061D-410E-88F0-753786E29862}.Debug|Any CPU.Build.0 = Debug|Any CPU
		{2558322E-061D-410E-88F0-753786E29862}.Release|Any CPU.ActiveCfg = Release|Any CPU
		{2558322E-061D-410E-88F0-753786E29862}.Release|Any CPU.Build.0 = Release|Any CPU
		{6070BC1A-E17F-4A51-9768-934D118AF068}.Debug|Any CPU.ActiveCfg = Debug|Any CPU
		{6070BC1A-E17F-4A51-9768-934D118AF068}.Debug|Any CPU.Build.0 = Debug|Any CPU
		{6070BC1A-E17F-4A51-9768-934D118AF068}.Release|Any CPU.ActiveCfg = Release|Any CPU
		{6070BC1A-E17F-4A51-9768-934D118AF068}.Release|Any CPU.Build.0 = Release|Any CPU
	EndGlobalSection
	GlobalSection(SolutionProperties) = preSolution
		HideSolutionNode = FALSE
	EndGlobalSection
EndGlobal
